// !$*UTF8*$!
{
	archiveVersion = 1;
	classes = {
	};
	objectVersion = 51;
	objects = {

/* Begin PBXBuildFile section */
		767D2A44DDED2FDA179E2BEF /* Pods_iOS_Social.framework in Frameworks */ = {isa = PBXBuildFile; fileRef = 05E225C127CEA348A9838989 /* Pods_iOS_Social.framework */; };
		ED69116B2369104A0054BFD3 /* MainTabBarController.swift in Sources */ = {isa = PBXBuildFile; fileRef = ED69116A2369104A0054BFD3 /* MainTabBarController.swift */; };
		ED69116D236911DD0054BFD3 /* BaseCollectionController.swift in Sources */ = {isa = PBXBuildFile; fileRef = ED69116C236911DD0054BFD3 /* BaseCollectionController.swift */; };
		EDA95734236B945D001E3E74 /* PostInteractor.swift in Sources */ = {isa = PBXBuildFile; fileRef = EDA9572F236B945D001E3E74 /* PostInteractor.swift */; };
		EDA95735236B945D001E3E74 /* PostController.swift in Sources */ = {isa = PBXBuildFile; fileRef = EDA95730236B945D001E3E74 /* PostController.swift */; };
		EDA95736236B945D001E3E74 /* PostConfigurator.swift in Sources */ = {isa = PBXBuildFile; fileRef = EDA95731236B945D001E3E74 /* PostConfigurator.swift */; };
		EDA95737236B945D001E3E74 /* PostPresenter.swift in Sources */ = {isa = PBXBuildFile; fileRef = EDA95732236B945D001E3E74 /* PostPresenter.swift */; };
		EDA95738236B945D001E3E74 /* PostRouter.swift in Sources */ = {isa = PBXBuildFile; fileRef = EDA95733236B945D001E3E74 /* PostRouter.swift */; };
		EDA9573A236B9485001E3E74 /* CommentCell.swift in Sources */ = {isa = PBXBuildFile; fileRef = EDA95739236B9485001E3E74 /* CommentCell.swift */; };
		EDA9573C236B949E001E3E74 /* Comment.swift in Sources */ = {isa = PBXBuildFile; fileRef = EDA9573B236B949E001E3E74 /* Comment.swift */; };
		EDA9573E236B94E4001E3E74 /* CommentCellType.swift in Sources */ = {isa = PBXBuildFile; fileRef = EDA9573D236B94E4001E3E74 /* CommentCellType.swift */; };
		EDA95740236C9B93001E3E74 /* CustomInputAccessoryView.swift in Sources */ = {isa = PBXBuildFile; fileRef = EDA9573F236C9B93001E3E74 /* CustomInputAccessoryView.swift */; };
		EDA95747236CDDC4001E3E74 /* LikesInteractor.swift in Sources */ = {isa = PBXBuildFile; fileRef = EDA95742236CDDC4001E3E74 /* LikesInteractor.swift */; };
		EDA95748236CDDC4001E3E74 /* LikesPresenter.swift in Sources */ = {isa = PBXBuildFile; fileRef = EDA95743236CDDC4001E3E74 /* LikesPresenter.swift */; };
		EDA95749236CDDC4001E3E74 /* LikesController.swift in Sources */ = {isa = PBXBuildFile; fileRef = EDA95744236CDDC4001E3E74 /* LikesController.swift */; };
		EDA9574A236CDDC4001E3E74 /* LikesConfigurator.swift in Sources */ = {isa = PBXBuildFile; fileRef = EDA95745236CDDC4001E3E74 /* LikesConfigurator.swift */; };
		EDA9574B236CDDC4001E3E74 /* LikesRouter.swift in Sources */ = {isa = PBXBuildFile; fileRef = EDA95746236CDDC4001E3E74 /* LikesRouter.swift */; };
		EDA9574D236CDF08001E3E74 /* UserCellType.swift in Sources */ = {isa = PBXBuildFile; fileRef = EDA9574C236CDF08001E3E74 /* UserCellType.swift */; };
		EDA9574F236CE103001E3E74 /* UserCell.swift in Sources */ = {isa = PBXBuildFile; fileRef = EDA9574E236CE103001E3E74 /* UserCell.swift */; };
		EDBF7C372366185B00E8C809 /* AppDelegate.swift in Sources */ = {isa = PBXBuildFile; fileRef = EDBF7C362366185B00E8C809 /* AppDelegate.swift */; };
		EDBF7C392366185B00E8C809 /* SceneDelegate.swift in Sources */ = {isa = PBXBuildFile; fileRef = EDBF7C382366185B00E8C809 /* SceneDelegate.swift */; };
		EDBF7C3E2366185B00E8C809 /* Main.storyboard in Resources */ = {isa = PBXBuildFile; fileRef = EDBF7C3C2366185B00E8C809 /* Main.storyboard */; };
		EDBF7C402366186000E8C809 /* Assets.xcassets in Resources */ = {isa = PBXBuildFile; fileRef = EDBF7C3F2366186000E8C809 /* Assets.xcassets */; };
		EDBF7C432366186000E8C809 /* LaunchScreen.storyboard in Resources */ = {isa = PBXBuildFile; fileRef = EDBF7C412366186000E8C809 /* LaunchScreen.storyboard */; };
		EDBF7C4C23661B5900E8C809 /* HomeController.swift in Sources */ = {isa = PBXBuildFile; fileRef = EDBF7C4B23661B5900E8C809 /* HomeController.swift */; };
		EDBF7C4E23661BF100E8C809 /* HomeConfigurator.swift in Sources */ = {isa = PBXBuildFile; fileRef = EDBF7C4D23661BF100E8C809 /* HomeConfigurator.swift */; };
		EDBF7C5023661BFE00E8C809 /* HomePresenter.swift in Sources */ = {isa = PBXBuildFile; fileRef = EDBF7C4F23661BFE00E8C809 /* HomePresenter.swift */; };
		EDBF7C5223661C0A00E8C809 /* HomeInteractor.swift in Sources */ = {isa = PBXBuildFile; fileRef = EDBF7C5123661C0A00E8C809 /* HomeInteractor.swift */; };
		EDBF7C5423661C1600E8C809 /* HomeRouter.swift in Sources */ = {isa = PBXBuildFile; fileRef = EDBF7C5323661C1600E8C809 /* HomeRouter.swift */; };
		EDBF7C5B2366232000E8C809 /* UIView+Extensions.swift in Sources */ = {isa = PBXBuildFile; fileRef = EDBF7C5A2366232000E8C809 /* UIView+Extensions.swift */; };
		EDBF7C5E2366290200E8C809 /* LoginController.swift in Sources */ = {isa = PBXBuildFile; fileRef = EDBF7C5D2366290200E8C809 /* LoginController.swift */; };
		EDBF7C602366298100E8C809 /* LoginConfigurator.swift in Sources */ = {isa = PBXBuildFile; fileRef = EDBF7C5F2366298100E8C809 /* LoginConfigurator.swift */; };
		EDBF7C62236629C500E8C809 /* LoginPresenter.swift in Sources */ = {isa = PBXBuildFile; fileRef = EDBF7C61236629C500E8C809 /* LoginPresenter.swift */; };
		EDBF7C6423662A2900E8C809 /* LoginInteractor.swift in Sources */ = {isa = PBXBuildFile; fileRef = EDBF7C6323662A2900E8C809 /* LoginInteractor.swift */; };
		EDBF7C6623662A6C00E8C809 /* LoginRouter.swift in Sources */ = {isa = PBXBuildFile; fileRef = EDBF7C6523662A6C00E8C809 /* LoginRouter.swift */; };
		EDBF7C6823662D8600E8C809 /* CustomTextField.swift in Sources */ = {isa = PBXBuildFile; fileRef = EDBF7C6723662D8600E8C809 /* CustomTextField.swift */; };
		EDBF7C6B2366500600E8C809 /* Post.swift in Sources */ = {isa = PBXBuildFile; fileRef = EDBF7C6A2366500600E8C809 /* Post.swift */; };
		EDBF7C6D2366503D00E8C809 /* User.swift in Sources */ = {isa = PBXBuildFile; fileRef = EDBF7C6C2366503D00E8C809 /* User.swift */; };
		EDBF7C702366596900E8C809 /* RegisterController.swift in Sources */ = {isa = PBXBuildFile; fileRef = EDBF7C6F2366596900E8C809 /* RegisterController.swift */; };
		EDBF7C722366597400E8C809 /* RegisterPresenter.swift in Sources */ = {isa = PBXBuildFile; fileRef = EDBF7C712366597400E8C809 /* RegisterPresenter.swift */; };
		EDBF7C742366597E00E8C809 /* RegisterInteractor.swift in Sources */ = {isa = PBXBuildFile; fileRef = EDBF7C732366597E00E8C809 /* RegisterInteractor.swift */; };
		EDBF7C762366598900E8C809 /* RegisterRouter.swift in Sources */ = {isa = PBXBuildFile; fileRef = EDBF7C752366598900E8C809 /* RegisterRouter.swift */; };
		EDBF7C782366599900E8C809 /* RegisterConfigurator.swift in Sources */ = {isa = PBXBuildFile; fileRef = EDBF7C772366599900E8C809 /* RegisterConfigurator.swift */; };
		EDBF7C7A2366861600E8C809 /* ServerService.swift in Sources */ = {isa = PBXBuildFile; fileRef = EDBF7C792366861600E8C809 /* ServerService.swift */; };
		EDBF7C7F2367236600E8C809 /* PostCellType.swift in Sources */ = {isa = PBXBuildFile; fileRef = EDBF7C7E2367236600E8C809 /* PostCellType.swift */; };
		EDBF7C8223672BC200E8C809 /* NewPostController.swift in Sources */ = {isa = PBXBuildFile; fileRef = EDBF7C8123672BC200E8C809 /* NewPostController.swift */; };
		EDBF7C8423672BD100E8C809 /* NewPostPresenter.swift in Sources */ = {isa = PBXBuildFile; fileRef = EDBF7C8323672BD000E8C809 /* NewPostPresenter.swift */; };
		EDBF7C8623672BDB00E8C809 /* NewPostInteractor.swift in Sources */ = {isa = PBXBuildFile; fileRef = EDBF7C8523672BDB00E8C809 /* NewPostInteractor.swift */; };
		EDBF7C8823672BEB00E8C809 /* NewPostRouter.swift in Sources */ = {isa = PBXBuildFile; fileRef = EDBF7C8723672BEB00E8C809 /* NewPostRouter.swift */; };
		EDBF7C8A23672BF600E8C809 /* NewPostConfigurator.swift in Sources */ = {isa = PBXBuildFile; fileRef = EDBF7C8923672BF600E8C809 /* NewPostConfigurator.swift */; };
		EDBF7C8D236897DA00E8C809 /* SearchController.swift in Sources */ = {isa = PBXBuildFile; fileRef = EDBF7C8C236897DA00E8C809 /* SearchController.swift */; };
		EDBF7C8F236897E900E8C809 /* SearchPresenter.swift in Sources */ = {isa = PBXBuildFile; fileRef = EDBF7C8E236897E900E8C809 /* SearchPresenter.swift */; };
		EDBF7C91236897F300E8C809 /* SearchInteractor.swift in Sources */ = {isa = PBXBuildFile; fileRef = EDBF7C90236897F300E8C809 /* SearchInteractor.swift */; };
		EDBF7C93236897FC00E8C809 /* SearchRouter.swift in Sources */ = {isa = PBXBuildFile; fileRef = EDBF7C92236897FC00E8C809 /* SearchRouter.swift */; };
		EDBF7C952368980A00E8C809 /* SearchConfigurator.swift in Sources */ = {isa = PBXBuildFile; fileRef = EDBF7C942368980A00E8C809 /* SearchConfigurator.swift */; };
		EDBF7C9723689AFE00E8C809 /* SearchCell.swift in Sources */ = {isa = PBXBuildFile; fileRef = EDBF7C9623689AFE00E8C809 /* SearchCell.swift */; };
		EDBF7C992368A37C00E8C809 /* SearchCellType.swift in Sources */ = {isa = PBXBuildFile; fileRef = EDBF7C982368A37C00E8C809 /* SearchCellType.swift */; };
		EDBF7C9C2368B4E400E8C809 /* ProfileController.swift in Sources */ = {isa = PBXBuildFile; fileRef = EDBF7C9B2368B4E400E8C809 /* ProfileController.swift */; };
		EDBF7C9E2368B4EF00E8C809 /* ProfilePresenter.swift in Sources */ = {isa = PBXBuildFile; fileRef = EDBF7C9D2368B4EF00E8C809 /* ProfilePresenter.swift */; };
		EDBF7CA02368B4FD00E8C809 /* ProfileInteractor.swift in Sources */ = {isa = PBXBuildFile; fileRef = EDBF7C9F2368B4FD00E8C809 /* ProfileInteractor.swift */; };
		EDBF7CA22368B50600E8C809 /* ProfileRouter.swift in Sources */ = {isa = PBXBuildFile; fileRef = EDBF7CA12368B50600E8C809 /* ProfileRouter.swift */; };
		EDBF7CA42368B51200E8C809 /* ProfileConfigurator.swift in Sources */ = {isa = PBXBuildFile; fileRef = EDBF7CA32368B51200E8C809 /* ProfileConfigurator.swift */; };
		EDBF7CA62368BDBE00E8C809 /* PostCell.swift in Sources */ = {isa = PBXBuildFile; fileRef = EDBF7CA52368BDBE00E8C809 /* PostCell.swift */; };
		EDBF7CA82368D5AE00E8C809 /* ProfileHeader.swift in Sources */ = {isa = PBXBuildFile; fileRef = EDBF7CA72368D5AE00E8C809 /* ProfileHeader.swift */; };
		EDBF7CAA2368D86C00E8C809 /* ProfileHeaderType.swift in Sources */ = {isa = PBXBuildFile; fileRef = EDBF7CA92368D86C00E8C809 /* ProfileHeaderType.swift */; };
/* End PBXBuildFile section */

/* Begin PBXFileReference section */
		05E225C127CEA348A9838989 /* Pods_iOS_Social.framework */ = {isa = PBXFileReference; explicitFileType = wrapper.framework; includeInIndex = 0; path = Pods_iOS_Social.framework; sourceTree = BUILT_PRODUCTS_DIR; };
		3A370DB4A4941C95C1C55A20 /* Pods-iOS_Social.debug.xcconfig */ = {isa = PBXFileReference; includeInIndex = 1; lastKnownFileType = text.xcconfig; name = "Pods-iOS_Social.debug.xcconfig"; path = "Target Support Files/Pods-iOS_Social/Pods-iOS_Social.debug.xcconfig"; sourceTree = "<group>"; };
		964E087DDC800CE7AA50FA50 /* Pods-iOS_Social.release.xcconfig */ = {isa = PBXFileReference; includeInIndex = 1; lastKnownFileType = text.xcconfig; name = "Pods-iOS_Social.release.xcconfig"; path = "Target Support Files/Pods-iOS_Social/Pods-iOS_Social.release.xcconfig"; sourceTree = "<group>"; };
		ED69116A2369104A0054BFD3 /* MainTabBarController.swift */ = {isa = PBXFileReference; lastKnownFileType = sourcecode.swift; path = MainTabBarController.swift; sourceTree = "<group>"; };
		ED69116C236911DD0054BFD3 /* BaseCollectionController.swift */ = {isa = PBXFileReference; lastKnownFileType = sourcecode.swift; path = BaseCollectionController.swift; sourceTree = "<group>"; };
		EDA9572F236B945D001E3E74 /* PostInteractor.swift */ = {isa = PBXFileReference; fileEncoding = 4; lastKnownFileType = sourcecode.swift; path = PostInteractor.swift; sourceTree = "<group>"; };
		EDA95730236B945D001E3E74 /* PostController.swift */ = {isa = PBXFileReference; fileEncoding = 4; lastKnownFileType = sourcecode.swift; path = PostController.swift; sourceTree = "<group>"; };
		EDA95731236B945D001E3E74 /* PostConfigurator.swift */ = {isa = PBXFileReference; fileEncoding = 4; lastKnownFileType = sourcecode.swift; path = PostConfigurator.swift; sourceTree = "<group>"; };
		EDA95732236B945D001E3E74 /* PostPresenter.swift */ = {isa = PBXFileReference; fileEncoding = 4; lastKnownFileType = sourcecode.swift; path = PostPresenter.swift; sourceTree = "<group>"; };
		EDA95733236B945D001E3E74 /* PostRouter.swift */ = {isa = PBXFileReference; fileEncoding = 4; lastKnownFileType = sourcecode.swift; path = PostRouter.swift; sourceTree = "<group>"; };
		EDA95739236B9485001E3E74 /* CommentCell.swift */ = {isa = PBXFileReference; lastKnownFileType = sourcecode.swift; path = CommentCell.swift; sourceTree = "<group>"; };
		EDA9573B236B949E001E3E74 /* Comment.swift */ = {isa = PBXFileReference; lastKnownFileType = sourcecode.swift; path = Comment.swift; sourceTree = "<group>"; };
		EDA9573D236B94E4001E3E74 /* CommentCellType.swift */ = {isa = PBXFileReference; lastKnownFileType = sourcecode.swift; path = CommentCellType.swift; sourceTree = "<group>"; };
		EDA9573F236C9B93001E3E74 /* CustomInputAccessoryView.swift */ = {isa = PBXFileReference; lastKnownFileType = sourcecode.swift; path = CustomInputAccessoryView.swift; sourceTree = "<group>"; };
		EDA95742236CDDC4001E3E74 /* LikesInteractor.swift */ = {isa = PBXFileReference; fileEncoding = 4; lastKnownFileType = sourcecode.swift; path = LikesInteractor.swift; sourceTree = "<group>"; };
		EDA95743236CDDC4001E3E74 /* LikesPresenter.swift */ = {isa = PBXFileReference; fileEncoding = 4; lastKnownFileType = sourcecode.swift; path = LikesPresenter.swift; sourceTree = "<group>"; };
		EDA95744236CDDC4001E3E74 /* LikesController.swift */ = {isa = PBXFileReference; fileEncoding = 4; lastKnownFileType = sourcecode.swift; path = LikesController.swift; sourceTree = "<group>"; };
		EDA95745236CDDC4001E3E74 /* LikesConfigurator.swift */ = {isa = PBXFileReference; fileEncoding = 4; lastKnownFileType = sourcecode.swift; path = LikesConfigurator.swift; sourceTree = "<group>"; };
		EDA95746236CDDC4001E3E74 /* LikesRouter.swift */ = {isa = PBXFileReference; fileEncoding = 4; lastKnownFileType = sourcecode.swift; path = LikesRouter.swift; sourceTree = "<group>"; };
		EDA9574C236CDF08001E3E74 /* UserCellType.swift */ = {isa = PBXFileReference; lastKnownFileType = sourcecode.swift; path = UserCellType.swift; sourceTree = "<group>"; };
		EDA9574E236CE103001E3E74 /* UserCell.swift */ = {isa = PBXFileReference; lastKnownFileType = sourcecode.swift; path = UserCell.swift; sourceTree = "<group>"; };
		EDBF7C332366185B00E8C809 /* iOS_Social.app */ = {isa = PBXFileReference; explicitFileType = wrapper.application; includeInIndex = 0; path = iOS_Social.app; sourceTree = BUILT_PRODUCTS_DIR; };
		EDBF7C362366185B00E8C809 /* AppDelegate.swift */ = {isa = PBXFileReference; lastKnownFileType = sourcecode.swift; path = AppDelegate.swift; sourceTree = "<group>"; };
		EDBF7C382366185B00E8C809 /* SceneDelegate.swift */ = {isa = PBXFileReference; lastKnownFileType = sourcecode.swift; path = SceneDelegate.swift; sourceTree = "<group>"; };
		EDBF7C3D2366185B00E8C809 /* Base */ = {isa = PBXFileReference; lastKnownFileType = file.storyboard; name = Base; path = Base.lproj/Main.storyboard; sourceTree = "<group>"; };
		EDBF7C3F2366186000E8C809 /* Assets.xcassets */ = {isa = PBXFileReference; lastKnownFileType = folder.assetcatalog; path = Assets.xcassets; sourceTree = "<group>"; };
		EDBF7C422366186000E8C809 /* Base */ = {isa = PBXFileReference; lastKnownFileType = file.storyboard; name = Base; path = Base.lproj/LaunchScreen.storyboard; sourceTree = "<group>"; };
		EDBF7C442366186000E8C809 /* Info.plist */ = {isa = PBXFileReference; lastKnownFileType = text.plist.xml; path = Info.plist; sourceTree = "<group>"; };
		EDBF7C4B23661B5900E8C809 /* HomeController.swift */ = {isa = PBXFileReference; lastKnownFileType = sourcecode.swift; path = HomeController.swift; sourceTree = "<group>"; };
		EDBF7C4D23661BF100E8C809 /* HomeConfigurator.swift */ = {isa = PBXFileReference; lastKnownFileType = sourcecode.swift; path = HomeConfigurator.swift; sourceTree = "<group>"; };
		EDBF7C4F23661BFE00E8C809 /* HomePresenter.swift */ = {isa = PBXFileReference; lastKnownFileType = sourcecode.swift; path = HomePresenter.swift; sourceTree = "<group>"; };
		EDBF7C5123661C0A00E8C809 /* HomeInteractor.swift */ = {isa = PBXFileReference; lastKnownFileType = sourcecode.swift; path = HomeInteractor.swift; sourceTree = "<group>"; };
		EDBF7C5323661C1600E8C809 /* HomeRouter.swift */ = {isa = PBXFileReference; lastKnownFileType = sourcecode.swift; path = HomeRouter.swift; sourceTree = "<group>"; };
		EDBF7C5A2366232000E8C809 /* UIView+Extensions.swift */ = {isa = PBXFileReference; lastKnownFileType = sourcecode.swift; path = "UIView+Extensions.swift"; sourceTree = "<group>"; };
		EDBF7C5D2366290200E8C809 /* LoginController.swift */ = {isa = PBXFileReference; lastKnownFileType = sourcecode.swift; path = LoginController.swift; sourceTree = "<group>"; };
		EDBF7C5F2366298100E8C809 /* LoginConfigurator.swift */ = {isa = PBXFileReference; lastKnownFileType = sourcecode.swift; path = LoginConfigurator.swift; sourceTree = "<group>"; };
		EDBF7C61236629C500E8C809 /* LoginPresenter.swift */ = {isa = PBXFileReference; lastKnownFileType = sourcecode.swift; path = LoginPresenter.swift; sourceTree = "<group>"; };
		EDBF7C6323662A2900E8C809 /* LoginInteractor.swift */ = {isa = PBXFileReference; lastKnownFileType = sourcecode.swift; path = LoginInteractor.swift; sourceTree = "<group>"; };
		EDBF7C6523662A6C00E8C809 /* LoginRouter.swift */ = {isa = PBXFileReference; lastKnownFileType = sourcecode.swift; path = LoginRouter.swift; sourceTree = "<group>"; };
		EDBF7C6723662D8600E8C809 /* CustomTextField.swift */ = {isa = PBXFileReference; lastKnownFileType = sourcecode.swift; path = CustomTextField.swift; sourceTree = "<group>"; };
		EDBF7C6A2366500600E8C809 /* Post.swift */ = {isa = PBXFileReference; lastKnownFileType = sourcecode.swift; path = Post.swift; sourceTree = "<group>"; };
		EDBF7C6C2366503D00E8C809 /* User.swift */ = {isa = PBXFileReference; lastKnownFileType = sourcecode.swift; path = User.swift; sourceTree = "<group>"; };
		EDBF7C6F2366596900E8C809 /* RegisterController.swift */ = {isa = PBXFileReference; lastKnownFileType = sourcecode.swift; path = RegisterController.swift; sourceTree = "<group>"; };
		EDBF7C712366597400E8C809 /* RegisterPresenter.swift */ = {isa = PBXFileReference; lastKnownFileType = sourcecode.swift; path = RegisterPresenter.swift; sourceTree = "<group>"; };
		EDBF7C732366597E00E8C809 /* RegisterInteractor.swift */ = {isa = PBXFileReference; lastKnownFileType = sourcecode.swift; path = RegisterInteractor.swift; sourceTree = "<group>"; };
		EDBF7C752366598900E8C809 /* RegisterRouter.swift */ = {isa = PBXFileReference; lastKnownFileType = sourcecode.swift; path = RegisterRouter.swift; sourceTree = "<group>"; };
		EDBF7C772366599900E8C809 /* RegisterConfigurator.swift */ = {isa = PBXFileReference; lastKnownFileType = sourcecode.swift; path = RegisterConfigurator.swift; sourceTree = "<group>"; };
		EDBF7C792366861600E8C809 /* ServerService.swift */ = {isa = PBXFileReference; lastKnownFileType = sourcecode.swift; path = ServerService.swift; sourceTree = "<group>"; };
		EDBF7C7E2367236600E8C809 /* PostCellType.swift */ = {isa = PBXFileReference; lastKnownFileType = sourcecode.swift; path = PostCellType.swift; sourceTree = "<group>"; };
		EDBF7C8123672BC200E8C809 /* NewPostController.swift */ = {isa = PBXFileReference; lastKnownFileType = sourcecode.swift; path = NewPostController.swift; sourceTree = "<group>"; };
		EDBF7C8323672BD000E8C809 /* NewPostPresenter.swift */ = {isa = PBXFileReference; lastKnownFileType = sourcecode.swift; path = NewPostPresenter.swift; sourceTree = "<group>"; };
		EDBF7C8523672BDB00E8C809 /* NewPostInteractor.swift */ = {isa = PBXFileReference; lastKnownFileType = sourcecode.swift; path = NewPostInteractor.swift; sourceTree = "<group>"; };
		EDBF7C8723672BEB00E8C809 /* NewPostRouter.swift */ = {isa = PBXFileReference; lastKnownFileType = sourcecode.swift; path = NewPostRouter.swift; sourceTree = "<group>"; };
		EDBF7C8923672BF600E8C809 /* NewPostConfigurator.swift */ = {isa = PBXFileReference; lastKnownFileType = sourcecode.swift; path = NewPostConfigurator.swift; sourceTree = "<group>"; };
		EDBF7C8C236897DA00E8C809 /* SearchController.swift */ = {isa = PBXFileReference; lastKnownFileType = sourcecode.swift; path = SearchController.swift; sourceTree = "<group>"; };
		EDBF7C8E236897E900E8C809 /* SearchPresenter.swift */ = {isa = PBXFileReference; lastKnownFileType = sourcecode.swift; path = SearchPresenter.swift; sourceTree = "<group>"; };
		EDBF7C90236897F300E8C809 /* SearchInteractor.swift */ = {isa = PBXFileReference; lastKnownFileType = sourcecode.swift; path = SearchInteractor.swift; sourceTree = "<group>"; };
		EDBF7C92236897FC00E8C809 /* SearchRouter.swift */ = {isa = PBXFileReference; lastKnownFileType = sourcecode.swift; path = SearchRouter.swift; sourceTree = "<group>"; };
		EDBF7C942368980A00E8C809 /* SearchConfigurator.swift */ = {isa = PBXFileReference; lastKnownFileType = sourcecode.swift; path = SearchConfigurator.swift; sourceTree = "<group>"; };
		EDBF7C9623689AFE00E8C809 /* SearchCell.swift */ = {isa = PBXFileReference; lastKnownFileType = sourcecode.swift; path = SearchCell.swift; sourceTree = "<group>"; };
		EDBF7C982368A37C00E8C809 /* SearchCellType.swift */ = {isa = PBXFileReference; lastKnownFileType = sourcecode.swift; path = SearchCellType.swift; sourceTree = "<group>"; };
		EDBF7C9B2368B4E400E8C809 /* ProfileController.swift */ = {isa = PBXFileReference; lastKnownFileType = sourcecode.swift; path = ProfileController.swift; sourceTree = "<group>"; };
		EDBF7C9D2368B4EF00E8C809 /* ProfilePresenter.swift */ = {isa = PBXFileReference; lastKnownFileType = sourcecode.swift; path = ProfilePresenter.swift; sourceTree = "<group>"; };
		EDBF7C9F2368B4FD00E8C809 /* ProfileInteractor.swift */ = {isa = PBXFileReference; lastKnownFileType = sourcecode.swift; path = ProfileInteractor.swift; sourceTree = "<group>"; };
		EDBF7CA12368B50600E8C809 /* ProfileRouter.swift */ = {isa = PBXFileReference; lastKnownFileType = sourcecode.swift; path = ProfileRouter.swift; sourceTree = "<group>"; };
		EDBF7CA32368B51200E8C809 /* ProfileConfigurator.swift */ = {isa = PBXFileReference; lastKnownFileType = sourcecode.swift; path = ProfileConfigurator.swift; sourceTree = "<group>"; };
		EDBF7CA52368BDBE00E8C809 /* PostCell.swift */ = {isa = PBXFileReference; lastKnownFileType = sourcecode.swift; path = PostCell.swift; sourceTree = "<group>"; };
		EDBF7CA72368D5AE00E8C809 /* ProfileHeader.swift */ = {isa = PBXFileReference; lastKnownFileType = sourcecode.swift; path = ProfileHeader.swift; sourceTree = "<group>"; };
		EDBF7CA92368D86C00E8C809 /* ProfileHeaderType.swift */ = {isa = PBXFileReference; lastKnownFileType = sourcecode.swift; path = ProfileHeaderType.swift; sourceTree = "<group>"; };
/* End PBXFileReference section */

/* Begin PBXFrameworksBuildPhase section */
		EDBF7C302366185B00E8C809 /* Frameworks */ = {
			isa = PBXFrameworksBuildPhase;
			buildActionMask = 2147483647;
			files = (
				767D2A44DDED2FDA179E2BEF /* Pods_iOS_Social.framework in Frameworks */,
			);
			runOnlyForDeploymentPostprocessing = 0;
		};
/* End PBXFrameworksBuildPhase section */

/* Begin PBXGroup section */
		232577B6DCC599986DA780C7 /* Frameworks */ = {
			isa = PBXGroup;
			children = (
				05E225C127CEA348A9838989 /* Pods_iOS_Social.framework */,
			);
			name = Frameworks;
			sourceTree = "<group>";
		};
		BC1A83ABF930346D75BAFF6D /* Pods */ = {
			isa = PBXGroup;
			children = (
				3A370DB4A4941C95C1C55A20 /* Pods-iOS_Social.debug.xcconfig */,
				964E087DDC800CE7AA50FA50 /* Pods-iOS_Social.release.xcconfig */,
			);
			path = Pods;
			sourceTree = "<group>";
		};
		EDA9572E236B945D001E3E74 /* Post */ = {
			isa = PBXGroup;
			children = (
				EDA95730236B945D001E3E74 /* PostController.swift */,
				EDA95732236B945D001E3E74 /* PostPresenter.swift */,
				EDA9572F236B945D001E3E74 /* PostInteractor.swift */,
				EDA95733236B945D001E3E74 /* PostRouter.swift */,
				EDA95731236B945D001E3E74 /* PostConfigurator.swift */,
			);
			name = Post;
			path = "../../../../../Downloads/VIPERA-master/Post";
			sourceTree = "<group>";
		};
		EDA95741236CDDC4001E3E74 /* Likes */ = {
			isa = PBXGroup;
			children = (
				EDA95742236CDDC4001E3E74 /* LikesInteractor.swift */,
				EDA95743236CDDC4001E3E74 /* LikesPresenter.swift */,
				EDA95744236CDDC4001E3E74 /* LikesController.swift */,
				EDA95745236CDDC4001E3E74 /* LikesConfigurator.swift */,
				EDA95746236CDDC4001E3E74 /* LikesRouter.swift */,
			);
			path = Likes;
			sourceTree = "<group>";
		};
		EDBF7C2A2366185B00E8C809 = {
			isa = PBXGroup;
			children = (
				EDBF7C352366185B00E8C809 /* iOS_Social */,
				EDBF7C342366185B00E8C809 /* Products */,
				BC1A83ABF930346D75BAFF6D /* Pods */,
				232577B6DCC599986DA780C7 /* Frameworks */,
			);
			sourceTree = "<group>";
		};
		EDBF7C342366185B00E8C809 /* Products */ = {
			isa = PBXGroup;
			children = (
				EDBF7C332366185B00E8C809 /* iOS_Social.app */,
			);
			name = Products;
			sourceTree = "<group>";
		};
		EDBF7C352366185B00E8C809 /* iOS_Social */ = {
			isa = PBXGroup;
			children = (
				EDBF7C6923664FED00E8C809 /* Entities */,
				EDBF7C592366231200E8C809 /* Helpers */,
				EDBF7C5823661ED800E8C809 /* Service */,
				EDBF7C7B23671F9B00E8C809 /* Views */,
				EDBF7C5523661C3800E8C809 /* Modules */,
				EDBF7C5723661C6E00E8C809 /* Delegates */,
				EDBF7C3F2366186000E8C809 /* Assets.xcassets */,
				EDBF7C442366186000E8C809 /* Info.plist */,
				EDBF7C5623661C4E00E8C809 /* Storyboards */,
			);
			path = iOS_Social;
			sourceTree = "<group>";
		};
		EDBF7C4A23661B4600E8C809 /* Home */ = {
			isa = PBXGroup;
			children = (
				EDBF7C4B23661B5900E8C809 /* HomeController.swift */,
				EDBF7C4F23661BFE00E8C809 /* HomePresenter.swift */,
				EDBF7C5123661C0A00E8C809 /* HomeInteractor.swift */,
				EDBF7C5323661C1600E8C809 /* HomeRouter.swift */,
				EDBF7C4D23661BF100E8C809 /* HomeConfigurator.swift */,
			);
			path = Home;
			sourceTree = "<group>";
		};
		EDBF7C5523661C3800E8C809 /* Modules */ = {
			isa = PBXGroup;
			children = (
				EDA95741236CDDC4001E3E74 /* Likes */,
				EDA9572E236B945D001E3E74 /* Post */,
				EDBF7C9A2368B4D000E8C809 /* Profile */,
				EDBF7C8B236897C500E8C809 /* Search */,
				EDBF7C8023672BAF00E8C809 /* NewPost */,
				EDBF7C6E2366594B00E8C809 /* Register */,
				EDBF7C5C236628F700E8C809 /* Login */,
				EDBF7C4A23661B4600E8C809 /* Home */,
				ED69116A2369104A0054BFD3 /* MainTabBarController.swift */,
			);
			path = Modules;
			sourceTree = "<group>";
		};
		EDBF7C5623661C4E00E8C809 /* Storyboards */ = {
			isa = PBXGroup;
			children = (
				EDBF7C3C2366185B00E8C809 /* Main.storyboard */,
				EDBF7C412366186000E8C809 /* LaunchScreen.storyboard */,
			);
			path = Storyboards;
			sourceTree = "<group>";
		};
		EDBF7C5723661C6E00E8C809 /* Delegates */ = {
			isa = PBXGroup;
			children = (
				EDBF7C362366185B00E8C809 /* AppDelegate.swift */,
				EDBF7C382366185B00E8C809 /* SceneDelegate.swift */,
			);
			path = Delegates;
			sourceTree = "<group>";
		};
		EDBF7C5823661ED800E8C809 /* Service */ = {
			isa = PBXGroup;
			children = (
				EDBF7C792366861600E8C809 /* ServerService.swift */,
			);
			path = Service;
			sourceTree = "<group>";
		};
		EDBF7C592366231200E8C809 /* Helpers */ = {
			isa = PBXGroup;
			children = (
				EDBF7C5A2366232000E8C809 /* UIView+Extensions.swift */,
				EDBF7C6723662D8600E8C809 /* CustomTextField.swift */,
				ED69116C236911DD0054BFD3 /* BaseCollectionController.swift */,
			);
			path = Helpers;
			sourceTree = "<group>";
		};
		EDBF7C5C236628F700E8C809 /* Login */ = {
			isa = PBXGroup;
			children = (
				EDBF7C5D2366290200E8C809 /* LoginController.swift */,
				EDBF7C61236629C500E8C809 /* LoginPresenter.swift */,
				EDBF7C6323662A2900E8C809 /* LoginInteractor.swift */,
				EDBF7C6523662A6C00E8C809 /* LoginRouter.swift */,
				EDBF7C5F2366298100E8C809 /* LoginConfigurator.swift */,
			);
			path = Login;
			sourceTree = "<group>";
		};
		EDBF7C6923664FED00E8C809 /* Entities */ = {
			isa = PBXGroup;
			children = (
				EDBF7C6A2366500600E8C809 /* Post.swift */,
				EDBF7C6C2366503D00E8C809 /* User.swift */,
				EDBF7C7E2367236600E8C809 /* PostCellType.swift */,
				EDBF7C982368A37C00E8C809 /* SearchCellType.swift */,
				EDBF7CA92368D86C00E8C809 /* ProfileHeaderType.swift */,
				EDA9573B236B949E001E3E74 /* Comment.swift */,
				EDA9573D236B94E4001E3E74 /* CommentCellType.swift */,
				EDA9574C236CDF08001E3E74 /* UserCellType.swift */,
			);
			path = Entities;
			sourceTree = "<group>";
		};
		EDBF7C6E2366594B00E8C809 /* Register */ = {
			isa = PBXGroup;
			children = (
				EDBF7C6F2366596900E8C809 /* RegisterController.swift */,
				EDBF7C712366597400E8C809 /* RegisterPresenter.swift */,
				EDBF7C732366597E00E8C809 /* RegisterInteractor.swift */,
				EDBF7C752366598900E8C809 /* RegisterRouter.swift */,
				EDBF7C772366599900E8C809 /* RegisterConfigurator.swift */,
			);
			path = Register;
			sourceTree = "<group>";
		};
		EDBF7C7B23671F9B00E8C809 /* Views */ = {
			isa = PBXGroup;
			children = (
				EDBF7C9623689AFE00E8C809 /* SearchCell.swift */,
				EDBF7CA52368BDBE00E8C809 /* PostCell.swift */,
				EDBF7CA72368D5AE00E8C809 /* ProfileHeader.swift */,
				EDA95739236B9485001E3E74 /* CommentCell.swift */,
				EDA9573F236C9B93001E3E74 /* CustomInputAccessoryView.swift */,
				EDA9574E236CE103001E3E74 /* UserCell.swift */,
			);
			path = Views;
			sourceTree = "<group>";
		};
		EDBF7C8023672BAF00E8C809 /* NewPost */ = {
			isa = PBXGroup;
			children = (
				EDBF7C8123672BC200E8C809 /* NewPostController.swift */,
				EDBF7C8323672BD000E8C809 /* NewPostPresenter.swift */,
				EDBF7C8523672BDB00E8C809 /* NewPostInteractor.swift */,
				EDBF7C8723672BEB00E8C809 /* NewPostRouter.swift */,
				EDBF7C8923672BF600E8C809 /* NewPostConfigurator.swift */,
			);
			path = NewPost;
			sourceTree = "<group>";
		};
		EDBF7C8B236897C500E8C809 /* Search */ = {
			isa = PBXGroup;
			children = (
				EDBF7C8C236897DA00E8C809 /* SearchController.swift */,
				EDBF7C8E236897E900E8C809 /* SearchPresenter.swift */,
				EDBF7C90236897F300E8C809 /* SearchInteractor.swift */,
				EDBF7C92236897FC00E8C809 /* SearchRouter.swift */,
				EDBF7C942368980A00E8C809 /* SearchConfigurator.swift */,
			);
			path = Search;
			sourceTree = "<group>";
		};
		EDBF7C9A2368B4D000E8C809 /* Profile */ = {
			isa = PBXGroup;
			children = (
				EDBF7C9B2368B4E400E8C809 /* ProfileController.swift */,
				EDBF7C9D2368B4EF00E8C809 /* ProfilePresenter.swift */,
				EDBF7C9F2368B4FD00E8C809 /* ProfileInteractor.swift */,
				EDBF7CA12368B50600E8C809 /* ProfileRouter.swift */,
				EDBF7CA32368B51200E8C809 /* ProfileConfigurator.swift */,
			);
			path = Profile;
			sourceTree = "<group>";
		};
/* End PBXGroup section */

/* Begin PBXNativeTarget section */
		EDBF7C322366185B00E8C809 /* iOS_Social */ = {
			isa = PBXNativeTarget;
			buildConfigurationList = EDBF7C472366186000E8C809 /* Build configuration list for PBXNativeTarget "iOS_Social" */;
			buildPhases = (
				F123FD49F6159CDBCE880A1F /* [CP] Check Pods Manifest.lock */,
				EDBF7C2F2366185B00E8C809 /* Sources */,
				EDBF7C302366185B00E8C809 /* Frameworks */,
				EDBF7C312366185B00E8C809 /* Resources */,
				65DA3567D7BF9F9CC0364E8A /* [CP] Embed Pods Frameworks */,
			);
			buildRules = (
			);
			dependencies = (
			);
			name = iOS_Social;
			productName = iOS_Social;
			productReference = EDBF7C332366185B00E8C809 /* iOS_Social.app */;
			productType = "com.apple.product-type.application";
		};
/* End PBXNativeTarget section */

/* Begin PBXProject section */
		EDBF7C2B2366185B00E8C809 /* Project object */ = {
			isa = PBXProject;
			attributes = {
				LastSwiftUpdateCheck = 1110;
				LastUpgradeCheck = 1110;
				ORGANIZATIONNAME = "Kirill Ivanoff";
				TargetAttributes = {
					EDBF7C322366185B00E8C809 = {
						CreatedOnToolsVersion = 11.1;
					};
				};
			};
			buildConfigurationList = EDBF7C2E2366185B00E8C809 /* Build configuration list for PBXProject "iOS_Social" */;
			compatibilityVersion = "Xcode 9.3";
			developmentRegion = en;
			hasScannedForEncodings = 0;
			knownRegions = (
				en,
				Base,
			);
			mainGroup = EDBF7C2A2366185B00E8C809;
			productRefGroup = EDBF7C342366185B00E8C809 /* Products */;
			projectDirPath = "";
			projectRoot = "";
			targets = (
				EDBF7C322366185B00E8C809 /* iOS_Social */,
			);
		};
/* End PBXProject section */

/* Begin PBXResourcesBuildPhase section */
		EDBF7C312366185B00E8C809 /* Resources */ = {
			isa = PBXResourcesBuildPhase;
			buildActionMask = 2147483647;
			files = (
				EDBF7C432366186000E8C809 /* LaunchScreen.storyboard in Resources */,
				EDBF7C402366186000E8C809 /* Assets.xcassets in Resources */,
				EDBF7C3E2366185B00E8C809 /* Main.storyboard in Resources */,
			);
			runOnlyForDeploymentPostprocessing = 0;
		};
/* End PBXResourcesBuildPhase section */

/* Begin PBXShellScriptBuildPhase section */
		65DA3567D7BF9F9CC0364E8A /* [CP] Embed Pods Frameworks */ = {
			isa = PBXShellScriptBuildPhase;
			buildActionMask = 2147483647;
			files = (
			);
			inputFileListPaths = (
				"${PODS_ROOT}/Target Support Files/Pods-iOS_Social/Pods-iOS_Social-frameworks-${CONFIGURATION}-input-files.xcfilelist",
			);
			name = "[CP] Embed Pods Frameworks";
			outputFileListPaths = (
				"${PODS_ROOT}/Target Support Files/Pods-iOS_Social/Pods-iOS_Social-frameworks-${CONFIGURATION}-output-files.xcfilelist",
			);
			runOnlyForDeploymentPostprocessing = 0;
			shellPath = /bin/sh;
			shellScript = "\"${PODS_ROOT}/Target Support Files/Pods-iOS_Social/Pods-iOS_Social-frameworks.sh\"\n";
			showEnvVarsInLog = 0;
		};
		F123FD49F6159CDBCE880A1F /* [CP] Check Pods Manifest.lock */ = {
			isa = PBXShellScriptBuildPhase;
			buildActionMask = 2147483647;
			files = (
			);
			inputFileListPaths = (
			);
			inputPaths = (
				"${PODS_PODFILE_DIR_PATH}/Podfile.lock",
				"${PODS_ROOT}/Manifest.lock",
			);
			name = "[CP] Check Pods Manifest.lock";
			outputFileListPaths = (
			);
			outputPaths = (
				"$(DERIVED_FILE_DIR)/Pods-iOS_Social-checkManifestLockResult.txt",
			);
			runOnlyForDeploymentPostprocessing = 0;
			shellPath = /bin/sh;
			shellScript = "diff \"${PODS_PODFILE_DIR_PATH}/Podfile.lock\" \"${PODS_ROOT}/Manifest.lock\" > /dev/null\nif [ $? != 0 ] ; then\n    # print error to STDERR\n    echo \"error: The sandbox is not in sync with the Podfile.lock. Run 'pod install' or update your CocoaPods installation.\" >&2\n    exit 1\nfi\n# This output is used by Xcode 'outputs' to avoid re-running this script phase.\necho \"SUCCESS\" > \"${SCRIPT_OUTPUT_FILE_0}\"\n";
			showEnvVarsInLog = 0;
		};
/* End PBXShellScriptBuildPhase section */

/* Begin PBXSourcesBuildPhase section */
		EDBF7C2F2366185B00E8C809 /* Sources */ = {
			isa = PBXSourcesBuildPhase;
			buildActionMask = 2147483647;
			files = (
				EDBF7C62236629C500E8C809 /* LoginPresenter.swift in Sources */,
				EDA95749236CDDC4001E3E74 /* LikesController.swift in Sources */,
				EDBF7C4C23661B5900E8C809 /* HomeController.swift in Sources */,
				ED69116B2369104A0054BFD3 /* MainTabBarController.swift in Sources */,
				EDBF7C602366298100E8C809 /* LoginConfigurator.swift in Sources */,
				EDA95738236B945D001E3E74 /* PostRouter.swift in Sources */,
				EDA9574D236CDF08001E3E74 /* UserCellType.swift in Sources */,
				EDBF7C992368A37C00E8C809 /* SearchCellType.swift in Sources */,
				EDBF7C372366185B00E8C809 /* AppDelegate.swift in Sources */,
				EDA95748236CDDC4001E3E74 /* LikesPresenter.swift in Sources */,
				EDBF7C762366598900E8C809 /* RegisterRouter.swift in Sources */,
				EDBF7C5023661BFE00E8C809 /* HomePresenter.swift in Sources */,
				EDBF7CAA2368D86C00E8C809 /* ProfileHeaderType.swift in Sources */,
				EDBF7C392366185B00E8C809 /* SceneDelegate.swift in Sources */,
				EDBF7C6D2366503D00E8C809 /* User.swift in Sources */,
				EDBF7C8A23672BF600E8C809 /* NewPostConfigurator.swift in Sources */,
				EDBF7C8823672BEB00E8C809 /* NewPostRouter.swift in Sources */,
				EDBF7C782366599900E8C809 /* RegisterConfigurator.swift in Sources */,
				EDA95747236CDDC4001E3E74 /* LikesInteractor.swift in Sources */,
				EDBF7C7A2366861600E8C809 /* ServerService.swift in Sources */,
				EDBF7C9723689AFE00E8C809 /* SearchCell.swift in Sources */,
				EDBF7C702366596900E8C809 /* RegisterController.swift in Sources */,
				EDBF7C5423661C1600E8C809 /* HomeRouter.swift in Sources */,
				EDBF7C952368980A00E8C809 /* SearchConfigurator.swift in Sources */,
				EDBF7C4E23661BF100E8C809 /* HomeConfigurator.swift in Sources */,
				EDBF7C8423672BD100E8C809 /* NewPostPresenter.swift in Sources */,
				EDBF7C7F2367236600E8C809 /* PostCellType.swift in Sources */,
				EDBF7C9C2368B4E400E8C809 /* ProfileController.swift in Sources */,
				EDBF7CA02368B4FD00E8C809 /* ProfileInteractor.swift in Sources */,
				EDBF7C91236897F300E8C809 /* SearchInteractor.swift in Sources */,
				EDA9573A236B9485001E3E74 /* CommentCell.swift in Sources */,
				EDBF7C8D236897DA00E8C809 /* SearchController.swift in Sources */,
				EDBF7C742366597E00E8C809 /* RegisterInteractor.swift in Sources */,
				EDBF7CA22368B50600E8C809 /* ProfileRouter.swift in Sources */,
				EDBF7C8223672BC200E8C809 /* NewPostController.swift in Sources */,
				EDBF7C722366597400E8C809 /* RegisterPresenter.swift in Sources */,
				EDBF7C5B2366232000E8C809 /* UIView+Extensions.swift in Sources */,
				EDBF7C93236897FC00E8C809 /* SearchRouter.swift in Sources */,
				ED69116D236911DD0054BFD3 /* BaseCollectionController.swift in Sources */,
				EDBF7C6423662A2900E8C809 /* LoginInteractor.swift in Sources */,
				EDBF7CA82368D5AE00E8C809 /* ProfileHeader.swift in Sources */,
				EDA9574B236CDDC4001E3E74 /* LikesRouter.swift in Sources */,
				EDBF7C6B2366500600E8C809 /* Post.swift in Sources */,
				EDBF7C5223661C0A00E8C809 /* HomeInteractor.swift in Sources */,
				EDBF7C6623662A6C00E8C809 /* LoginRouter.swift in Sources */,
				EDA95734236B945D001E3E74 /* PostInteractor.swift in Sources */,
				EDBF7C5E2366290200E8C809 /* LoginController.swift in Sources */,
				EDBF7C8623672BDB00E8C809 /* NewPostInteractor.swift in Sources */,
				EDA95737236B945D001E3E74 /* PostPresenter.swift in Sources */,
				EDBF7C6823662D8600E8C809 /* CustomTextField.swift in Sources */,
				EDA95736236B945D001E3E74 /* PostConfigurator.swift in Sources */,
				EDA95735236B945D001E3E74 /* PostController.swift in Sources */,
				EDA9573C236B949E001E3E74 /* Comment.swift in Sources */,
				EDA9573E236B94E4001E3E74 /* CommentCellType.swift in Sources */,
				EDBF7C8F236897E900E8C809 /* SearchPresenter.swift in Sources */,
				EDA9574A236CDDC4001E3E74 /* LikesConfigurator.swift in Sources */,
				EDBF7CA62368BDBE00E8C809 /* PostCell.swift in Sources */,
				EDA9574F236CE103001E3E74 /* UserCell.swift in Sources */,
				EDBF7CA42368B51200E8C809 /* ProfileConfigurator.swift in Sources */,
				EDBF7C9E2368B4EF00E8C809 /* ProfilePresenter.swift in Sources */,
				EDA95740236C9B93001E3E74 /* CustomInputAccessoryView.swift in Sources */,
			);
			runOnlyForDeploymentPostprocessing = 0;
		};
/* End PBXSourcesBuildPhase section */

/* Begin PBXVariantGroup section */
		EDBF7C3C2366185B00E8C809 /* Main.storyboard */ = {
			isa = PBXVariantGroup;
			children = (
				EDBF7C3D2366185B00E8C809 /* Base */,
			);
			name = Main.storyboard;
			sourceTree = "<group>";
		};
		EDBF7C412366186000E8C809 /* LaunchScreen.storyboard */ = {
			isa = PBXVariantGroup;
			children = (
				EDBF7C422366186000E8C809 /* Base */,
			);
			name = LaunchScreen.storyboard;
			sourceTree = "<group>";
		};
/* End PBXVariantGroup section */

/* Begin XCBuildConfiguration section */
		EDBF7C452366186000E8C809 /* Debug */ = {
			isa = XCBuildConfiguration;
			buildSettings = {
				ALWAYS_SEARCH_USER_PATHS = NO;
				CLANG_ANALYZER_NONNULL = YES;
				CLANG_ANALYZER_NUMBER_OBJECT_CONVERSION = YES_AGGRESSIVE;
				CLANG_CXX_LANGUAGE_STANDARD = "gnu++14";
				CLANG_CXX_LIBRARY = "libc++";
				CLANG_ENABLE_MODULES = YES;
				CLANG_ENABLE_OBJC_ARC = YES;
				CLANG_ENABLE_OBJC_WEAK = YES;
				CLANG_WARN_BLOCK_CAPTURE_AUTORELEASING = YES;
				CLANG_WARN_BOOL_CONVERSION = YES;
				CLANG_WARN_COMMA = YES;
				CLANG_WARN_CONSTANT_CONVERSION = YES;
				CLANG_WARN_DEPRECATED_OBJC_IMPLEMENTATIONS = YES;
				CLANG_WARN_DIRECT_OBJC_ISA_USAGE = YES_ERROR;
				CLANG_WARN_DOCUMENTATION_COMMENTS = YES;
				CLANG_WARN_EMPTY_BODY = YES;
				CLANG_WARN_ENUM_CONVERSION = YES;
				CLANG_WARN_INFINITE_RECURSION = YES;
				CLANG_WARN_INT_CONVERSION = YES;
				CLANG_WARN_NON_LITERAL_NULL_CONVERSION = YES;
				CLANG_WARN_OBJC_IMPLICIT_RETAIN_SELF = YES;
				CLANG_WARN_OBJC_LITERAL_CONVERSION = YES;
				CLANG_WARN_OBJC_ROOT_CLASS = YES_ERROR;
				CLANG_WARN_RANGE_LOOP_ANALYSIS = YES;
				CLANG_WARN_STRICT_PROTOTYPES = YES;
				CLANG_WARN_SUSPICIOUS_MOVE = YES;
				CLANG_WARN_UNGUARDED_AVAILABILITY = YES_AGGRESSIVE;
				CLANG_WARN_UNREACHABLE_CODE = YES;
				CLANG_WARN__DUPLICATE_METHOD_MATCH = YES;
				COPY_PHASE_STRIP = NO;
				DEBUG_INFORMATION_FORMAT = dwarf;
				ENABLE_STRICT_OBJC_MSGSEND = YES;
				ENABLE_TESTABILITY = YES;
				GCC_C_LANGUAGE_STANDARD = gnu11;
				GCC_DYNAMIC_NO_PIC = NO;
				GCC_NO_COMMON_BLOCKS = YES;
				GCC_OPTIMIZATION_LEVEL = 0;
				GCC_PREPROCESSOR_DEFINITIONS = (
					"DEBUG=1",
					"$(inherited)",
				);
				GCC_WARN_64_TO_32_BIT_CONVERSION = YES;
				GCC_WARN_ABOUT_RETURN_TYPE = YES_ERROR;
				GCC_WARN_UNDECLARED_SELECTOR = YES;
				GCC_WARN_UNINITIALIZED_AUTOS = YES_AGGRESSIVE;
				GCC_WARN_UNUSED_FUNCTION = YES;
				GCC_WARN_UNUSED_VARIABLE = YES;
				IPHONEOS_DEPLOYMENT_TARGET = 13.1;
				MTL_ENABLE_DEBUG_INFO = INCLUDE_SOURCE;
				MTL_FAST_MATH = YES;
				ONLY_ACTIVE_ARCH = YES;
				SDKROOT = iphoneos;
				SWIFT_ACTIVE_COMPILATION_CONDITIONS = DEBUG;
				SWIFT_OPTIMIZATION_LEVEL = "-Onone";
			};
			name = Debug;
		};
		EDBF7C462366186000E8C809 /* Release */ = {
			isa = XCBuildConfiguration;
			buildSettings = {
				ALWAYS_SEARCH_USER_PATHS = NO;
				CLANG_ANALYZER_NONNULL = YES;
				CLANG_ANALYZER_NUMBER_OBJECT_CONVERSION = YES_AGGRESSIVE;
				CLANG_CXX_LANGUAGE_STANDARD = "gnu++14";
				CLANG_CXX_LIBRARY = "libc++";
				CLANG_ENABLE_MODULES = YES;
				CLANG_ENABLE_OBJC_ARC = YES;
				CLANG_ENABLE_OBJC_WEAK = YES;
				CLANG_WARN_BLOCK_CAPTURE_AUTORELEASING = YES;
				CLANG_WARN_BOOL_CONVERSION = YES;
				CLANG_WARN_COMMA = YES;
				CLANG_WARN_CONSTANT_CONVERSION = YES;
				CLANG_WARN_DEPRECATED_OBJC_IMPLEMENTATIONS = YES;
				CLANG_WARN_DIRECT_OBJC_ISA_USAGE = YES_ERROR;
				CLANG_WARN_DOCUMENTATION_COMMENTS = YES;
				CLANG_WARN_EMPTY_BODY = YES;
				CLANG_WARN_ENUM_CONVERSION = YES;
				CLANG_WARN_INFINITE_RECURSION = YES;
				CLANG_WARN_INT_CONVERSION = YES;
				CLANG_WARN_NON_LITERAL_NULL_CONVERSION = YES;
				CLANG_WARN_OBJC_IMPLICIT_RETAIN_SELF = YES;
				CLANG_WARN_OBJC_LITERAL_CONVERSION = YES;
				CLANG_WARN_OBJC_ROOT_CLASS = YES_ERROR;
				CLANG_WARN_RANGE_LOOP_ANALYSIS = YES;
				CLANG_WARN_STRICT_PROTOTYPES = YES;
				CLANG_WARN_SUSPICIOUS_MOVE = YES;
				CLANG_WARN_UNGUARDED_AVAILABILITY = YES_AGGRESSIVE;
				CLANG_WARN_UNREACHABLE_CODE = YES;
				CLANG_WARN__DUPLICATE_METHOD_MATCH = YES;
				COPY_PHASE_STRIP = NO;
				DEBUG_INFORMATION_FORMAT = "dwarf-with-dsym";
				ENABLE_NS_ASSERTIONS = NO;
				ENABLE_STRICT_OBJC_MSGSEND = YES;
				GCC_C_LANGUAGE_STANDARD = gnu11;
				GCC_NO_COMMON_BLOCKS = YES;
				GCC_WARN_64_TO_32_BIT_CONVERSION = YES;
				GCC_WARN_ABOUT_RETURN_TYPE = YES_ERROR;
				GCC_WARN_UNDECLARED_SELECTOR = YES;
				GCC_WARN_UNINITIALIZED_AUTOS = YES_AGGRESSIVE;
				GCC_WARN_UNUSED_FUNCTION = YES;
				GCC_WARN_UNUSED_VARIABLE = YES;
				IPHONEOS_DEPLOYMENT_TARGET = 13.1;
				MTL_ENABLE_DEBUG_INFO = NO;
				MTL_FAST_MATH = YES;
				SDKROOT = iphoneos;
				SWIFT_COMPILATION_MODE = wholemodule;
				SWIFT_OPTIMIZATION_LEVEL = "-O";
				VALIDATE_PRODUCT = YES;
			};
			name = Release;
		};
		EDBF7C482366186000E8C809 /* Debug */ = {
			isa = XCBuildConfiguration;
			baseConfigurationReference = 3A370DB4A4941C95C1C55A20 /* Pods-iOS_Social.debug.xcconfig */;
			buildSettings = {
				ASSETCATALOG_COMPILER_APPICON_NAME = AppIcon;
				CODE_SIGN_STYLE = Automatic;
				DEVELOPMENT_TEAM = CW6J7PGNU5;
				INFOPLIST_FILE = iOS_Social/Info.plist;
				LD_RUNPATH_SEARCH_PATHS = (
					"$(inherited)",
					"@executable_path/Frameworks",
				);
				PRODUCT_BUNDLE_IDENTIFIER = "com.Ivanoff.K.iOS-Social";
				PRODUCT_NAME = "$(TARGET_NAME)";
				SWIFT_VERSION = 5.0;
				TARGETED_DEVICE_FAMILY = "1,2";
			};
			name = Debug;
		};
		EDBF7C492366186000E8C809 /* Release */ = {
			isa = XCBuildConfiguration;
			baseConfigurationReference = 964E087DDC800CE7AA50FA50 /* Pods-iOS_Social.release.xcconfig */;
			buildSettings = {
				ASSETCATALOG_COMPILER_APPICON_NAME = AppIcon;
				CODE_SIGN_STYLE = Automatic;
				DEVELOPMENT_TEAM = CW6J7PGNU5;
				INFOPLIST_FILE = iOS_Social/Info.plist;
				LD_RUNPATH_SEARCH_PATHS = (
					"$(inherited)",
					"@executable_path/Frameworks",
				);
				PRODUCT_BUNDLE_IDENTIFIER = "com.Ivanoff.K.iOS-Social";
				PRODUCT_NAME = "$(TARGET_NAME)";
				SWIFT_VERSION = 5.0;
				TARGETED_DEVICE_FAMILY = "1,2";
			};
			name = Release;
		};
/* End XCBuildConfiguration section */

/* Begin XCConfigurationList section */
		EDBF7C2E2366185B00E8C809 /* Build configuration list for PBXProject "iOS_Social" */ = {
			isa = XCConfigurationList;
			buildConfigurations = (
				EDBF7C452366186000E8C809 /* Debug */,
				EDBF7C462366186000E8C809 /* Release */,
			);
			defaultConfigurationIsVisible = 0;
			defaultConfigurationName = Release;
		};
		EDBF7C472366186000E8C809 /* Build configuration list for PBXNativeTarget "iOS_Social" */ = {
			isa = XCConfigurationList;
			buildConfigurations = (
				EDBF7C482366186000E8C809 /* Debug */,
				EDBF7C492366186000E8C809 /* Release */,
			);
			defaultConfigurationIsVisible = 0;
			defaultConfigurationName = Release;
		};
/* End XCConfigurationList section */
	};
	rootObject = EDBF7C2B2366185B00E8C809 /* Project object */;
}
